// !$*UTF8*$!
{
	archiveVersion = 1;
	classes = {
	};
	objectVersion = 46;
	objects = {

/* Begin PBXBuildFile section */
		455528451C81DA2A00DF15AF /* ViewController.swift in Sources */ = {isa = PBXBuildFile; fileRef = 4555283C1C81DA2A00DF15AF /* ViewController.swift */; };
		455528471C81DA2A00DF15AF /* LaunchScreen.storyboard in Resources */ = {isa = PBXBuildFile; fileRef = 4555283F1C81DA2A00DF15AF /* LaunchScreen.storyboard */; };
		455528481C81DA2A00DF15AF /* Main.storyboard in Resources */ = {isa = PBXBuildFile; fileRef = 455528411C81DA2A00DF15AF /* Main.storyboard */; };
		455528491C81DA2A00DF15AF /* Assets.xcassets in Resources */ = {isa = PBXBuildFile; fileRef = 455528431C81DA2A00DF15AF /* Assets.xcassets */; };
		4555284A1C81DA2A00DF15AF /* AppDelegate.swift in Sources */ = {isa = PBXBuildFile; fileRef = 455528441C81DA2A00DF15AF /* AppDelegate.swift */; };
		455528511C81DA4800DF15AF /* GTBannerView.framework in Frameworks */ = {isa = PBXBuildFile; fileRef = 455528501C81DA3C00DF15AF /* GTBannerView.framework */; };
		455528521C81DA4800DF15AF /* GTBannerView.framework in Embed Frameworks */ = {isa = PBXBuildFile; fileRef = 455528501C81DA3C00DF15AF /* GTBannerView.framework */; settings = {ATTRIBUTES = (CodeSignOnCopy, RemoveHeadersOnCopy, ); }; };
/* End PBXBuildFile section */

/* Begin PBXContainerItemProxy section */
		4555284F1C81DA3C00DF15AF /* PBXContainerItemProxy */ = {
			isa = PBXContainerItemProxy;
			containerPortal = 4555284B1C81DA3C00DF15AF /* GTBannerView.xcodeproj */;
			proxyType = 2;
			remoteGlobalIDString = 45DB384D1C81D6310054BAD7;
			remoteInfo = GTBannerView;
		};
		455528531C81DA4800DF15AF /* PBXContainerItemProxy */ = {
			isa = PBXContainerItemProxy;
			containerPortal = 4555284B1C81DA3C00DF15AF /* GTBannerView.xcodeproj */;
			proxyType = 1;
			remoteGlobalIDString = 45DB384C1C81D6310054BAD7;
			remoteInfo = GTBannerView;
		};
/* End PBXContainerItemProxy section */

/* Begin PBXCopyFilesBuildPhase section */
		455528551C81DA4800DF15AF /* Embed Frameworks */ = {
			isa = PBXCopyFilesBuildPhase;
			buildActionMask = 2147483647;
			dstPath = "";
			dstSubfolderSpec = 10;
			files = (
				455528521C81DA4800DF15AF /* GTBannerView.framework in Embed Frameworks */,
			);
			name = "Embed Frameworks";
			runOnlyForDeploymentPostprocessing = 0;
		};
/* End PBXCopyFilesBuildPhase section */

/* Begin PBXFileReference section */
		4555282A1C81D97C00DF15AF /* BannerView Example.app */ = {isa = PBXFileReference; explicitFileType = wrapper.application; includeInIndex = 0; path = "BannerView Example.app"; sourceTree = BUILT_PRODUCTS_DIR; };
		4555283C1C81DA2A00DF15AF /* ViewController.swift */ = {isa = PBXFileReference; fileEncoding = 4; lastKnownFileType = sourcecode.swift; name = ViewController.swift; path = Example/ViewController.swift; sourceTree = "<group>"; };
		4555283D1C81DA2A00DF15AF /* Info.plist */ = {isa = PBXFileReference; fileEncoding = 4; lastKnownFileType = text.plist.xml; name = Info.plist; path = Example/Info.plist; sourceTree = "<group>"; };
		455528401C81DA2A00DF15AF /* Base */ = {isa = PBXFileReference; lastKnownFileType = file.storyboard; name = Base; path = LaunchScreen.storyboard; sourceTree = "<group>"; };
		455528421C81DA2A00DF15AF /* Base */ = {isa = PBXFileReference; lastKnownFileType = file.storyboard; name = Base; path = Main.storyboard; sourceTree = "<group>"; };
		455528431C81DA2A00DF15AF /* Assets.xcassets */ = {isa = PBXFileReference; lastKnownFileType = folder.assetcatalog; name = Assets.xcassets; path = Example/Assets.xcassets; sourceTree = "<group>"; };
		455528441C81DA2A00DF15AF /* AppDelegate.swift */ = {isa = PBXFileReference; fileEncoding = 4; lastKnownFileType = sourcecode.swift; name = AppDelegate.swift; path = Example/AppDelegate.swift; sourceTree = "<group>"; };
		4555284B1C81DA3C00DF15AF /* GTBannerView.xcodeproj */ = {isa = PBXFileReference; lastKnownFileType = "wrapper.pb-project"; path = GTBannerView.xcodeproj; sourceTree = "<group>"; };
/* End PBXFileReference section */

/* Begin PBXFrameworksBuildPhase section */
		455528271C81D97C00DF15AF /* Frameworks */ = {
			isa = PBXFrameworksBuildPhase;
			buildActionMask = 2147483647;
			files = (
				455528511C81DA4800DF15AF /* GTBannerView.framework in Frameworks */,
			);
			runOnlyForDeploymentPostprocessing = 0;
		};
/* End PBXFrameworksBuildPhase section */

/* Begin PBXGroup section */
		4555283E1C81DA2A00DF15AF /* Base.lproj */ = {
			isa = PBXGroup;
			children = (
				4555283F1C81DA2A00DF15AF /* LaunchScreen.storyboard */,
				455528411C81DA2A00DF15AF /* Main.storyboard */,
			);
			name = Base.lproj;
			path = Example/Base.lproj;
			sourceTree = "<group>";
		};
		4555284C1C81DA3C00DF15AF /* Products */ = {
			isa = PBXGroup;
			children = (
				455528501C81DA3C00DF15AF /* GTBannerView.framework */,
			);
			name = Products;
			sourceTree = "<group>";
		};
		457F44BD1C81D894007BE528 = {
			isa = PBXGroup;
			children = (
				4555284B1C81DA3C00DF15AF /* GTBannerView.xcodeproj */,
				4555283C1C81DA2A00DF15AF /* ViewController.swift */,
				4555283D1C81DA2A00DF15AF /* Info.plist */,
				4555283E1C81DA2A00DF15AF /* Base.lproj */,
				455528431C81DA2A00DF15AF /* Assets.xcassets */,
				455528441C81DA2A00DF15AF /* AppDelegate.swift */,
				457F44C71C81D895007BE528 /* Products */,
			);
			sourceTree = "<group>";
		};
		457F44C71C81D895007BE528 /* Products */ = {
			isa = PBXGroup;
			children = (
				4555282A1C81D97C00DF15AF /* BannerView Example.app */,
			);
			name = Products;
			sourceTree = "<group>";
		};
/* End PBXGroup section */

/* Begin PBXNativeTarget section */
		455528291C81D97C00DF15AF /* BannerView Example */ = {
			isa = PBXNativeTarget;
			buildConfigurationList = 455528391C81D97C00DF15AF /* Build configuration list for PBXNativeTarget "BannerView Example" */;
			buildPhases = (
				455528261C81D97C00DF15AF /* Sources */,
				455528271C81D97C00DF15AF /* Frameworks */,
				455528281C81D97C00DF15AF /* Resources */,
				455528551C81DA4800DF15AF /* Embed Frameworks */,
				455528581C81DA9700DF15AF /* ShellScript */,
			);
			buildRules = (
			);
			dependencies = (
				455528541C81DA4800DF15AF /* PBXTargetDependency */,
			);
			name = "BannerView Example";
			productName = "BannerView Example";
			productReference = 4555282A1C81D97C00DF15AF /* BannerView Example.app */;
			productType = "com.apple.product-type.application";
		};
/* End PBXNativeTarget section */

/* Begin PBXProject section */
		457F44BE1C81D894007BE528 /* Project object */ = {
			isa = PBXProject;
			attributes = {
				LastSwiftUpdateCheck = 0720;
				LastUpgradeCheck = 0720;
				ORGANIZATIONNAME = "Giorgos Tsiapaliokas";
				TargetAttributes = {
					455528291C81D97C00DF15AF = {
						CreatedOnToolsVersion = 7.2.1;
					};
				};
			};
			buildConfigurationList = 457F44C11C81D894007BE528 /* Build configuration list for PBXProject "Example" */;
			compatibilityVersion = "Xcode 3.2";
			developmentRegion = English;
			hasScannedForEncodings = 0;
			knownRegions = (
				en,
				Base,
			);
			mainGroup = 457F44BD1C81D894007BE528;
			productRefGroup = 457F44C71C81D895007BE528 /* Products */;
			projectDirPath = "";
			projectReferences = (
				{
					ProductGroup = 4555284C1C81DA3C00DF15AF /* Products */;
					ProjectRef = 4555284B1C81DA3C00DF15AF /* GTBannerView.xcodeproj */;
				},
			);
			projectRoot = "";
			targets = (
				455528291C81D97C00DF15AF /* BannerView Example */,
			);
		};
/* End PBXProject section */

/* Begin PBXReferenceProxy section */
		455528501C81DA3C00DF15AF /* GTBannerView.framework */ = {
			isa = PBXReferenceProxy;
			fileType = wrapper.framework;
			path = GTBannerView.framework;
			remoteRef = 4555284F1C81DA3C00DF15AF /* PBXContainerItemProxy */;
			sourceTree = BUILT_PRODUCTS_DIR;
		};
/* End PBXReferenceProxy section */

/* Begin PBXResourcesBuildPhase section */
		455528281C81D97C00DF15AF /* Resources */ = {
			isa = PBXResourcesBuildPhase;
			buildActionMask = 2147483647;
			files = (
				455528481C81DA2A00DF15AF /* Main.storyboard in Resources */,
				455528491C81DA2A00DF15AF /* Assets.xcassets in Resources */,
				455528471C81DA2A00DF15AF /* LaunchScreen.storyboard in Resources */,
			);
			runOnlyForDeploymentPostprocessing = 0;
		};
/* End PBXResourcesBuildPhase section */

/* Begin PBXShellScriptBuildPhase section */
		455528581C81DA9700DF15AF /* ShellScript */ = {
			isa = PBXShellScriptBuildPhase;
			buildActionMask = 2147483647;
			files = (
			);
			inputPaths = (
				"$(SRCROOT)/Carthage/Build/iOS/SnapKit.framework",
			);
			outputPaths = (
			);
			runOnlyForDeploymentPostprocessing = 0;
			shellPath = /bin/sh;
			shellScript = "/usr/local/bin/carthage copy-frameworks";
		};
/* End PBXShellScriptBuildPhase section */

/* Begin PBXSourcesBuildPhase section */
		455528261C81D97C00DF15AF /* Sources */ = {
			isa = PBXSourcesBuildPhase;
			buildActionMask = 2147483647;
			files = (
				4555284A1C81DA2A00DF15AF /* AppDelegate.swift in Sources */,
				455528451C81DA2A00DF15AF /* ViewController.swift in Sources */,
			);
			runOnlyForDeploymentPostprocessing = 0;
		};
/* End PBXSourcesBuildPhase section */

/* Begin PBXTargetDependency section */
		455528541C81DA4800DF15AF /* PBXTargetDependency */ = {
			isa = PBXTargetDependency;
			name = GTBannerView;
			targetProxy = 455528531C81DA4800DF15AF /* PBXContainerItemProxy */;
		};
/* End PBXTargetDependency section */

/* Begin PBXVariantGroup section */
		4555283F1C81DA2A00DF15AF /* LaunchScreen.storyboard */ = {
			isa = PBXVariantGroup;
			children = (
				455528401C81DA2A00DF15AF /* Base */,
			);
			name = LaunchScreen.storyboard;
			sourceTree = "<group>";
		};
		455528411C81DA2A00DF15AF /* Main.storyboard */ = {
			isa = PBXVariantGroup;
			children = (
				455528421C81DA2A00DF15AF /* Base */,
			);
			name = Main.storyboard;
			sourceTree = "<group>";
		};
/* End PBXVariantGroup section */

/* Begin XCBuildConfiguration section */
		4555283A1C81D97C00DF15AF /* Debug */ = {
			isa = XCBuildConfiguration;
			buildSettings = {
				ASSETCATALOG_COMPILER_APPICON_NAME = AppIcon;
				CLANG_ENABLE_MODULES = YES;
				INFOPLIST_FILE = "$(SRCROOT)/Example/Info.plist";
				IPHONEOS_DEPLOYMENT_TARGET = 8.4;
				LD_RUNPATH_SEARCH_PATHS = "$(inherited) @executable_path/Frameworks";
				PRODUCT_BUNDLE_IDENTIFIER = "com.github.terietor.BannerView-Example";
				PRODUCT_NAME = "$(TARGET_NAME)";
				SWIFT_OPTIMIZATION_LEVEL = "-Onone";
			};
			name = Debug;
		};
		4555283B1C81D97C00DF15AF /* Release */ = {
			isa = XCBuildConfiguration;
			buildSettings = {
				ASSETCATALOG_COMPILER_APPICON_NAME = AppIcon;
				CLANG_ENABLE_MODULES = YES;
				INFOPLIST_FILE = "$(SRCROOT)/Example/Info.plist";
				IPHONEOS_DEPLOYMENT_TARGET = 8.4;
				LD_RUNPATH_SEARCH_PATHS = "$(inherited) @executable_path/Frameworks";
				PRODUCT_BUNDLE_IDENTIFIER = "com.github.terietor.BannerView-Example";
				PRODUCT_NAME = "$(TARGET_NAME)";
			};
			name = Release;
		};
		457F44D61C81D895007BE528 /* Debug */ = {
			isa = XCBuildConfiguration;
			buildSettings = {
				ALWAYS_SEARCH_USER_PATHS = NO;
				CLANG_CXX_LANGUAGE_STANDARD = "gnu++0x";
				CLANG_CXX_LIBRARY = "libc++";
				CLANG_ENABLE_MODULES = YES;
				CLANG_ENABLE_OBJC_ARC = YES;
				CLANG_WARN_BOOL_CONVERSION = YES;
				CLANG_WARN_CONSTANT_CONVERSION = YES;
				CLANG_WARN_DIRECT_OBJC_ISA_USAGE = YES_ERROR;
				CLANG_WARN_EMPTY_BODY = YES;
				CLANG_WARN_ENUM_CONVERSION = YES;
				CLANG_WARN_INT_CONVERSION = YES;
				CLANG_WARN_OBJC_ROOT_CLASS = YES_ERROR;
				CLANG_WARN_UNREACHABLE_CODE = YES;
				CLANG_WARN__DUPLICATE_METHOD_MATCH = YES;
				"CODE_SIGN_IDENTITY[sdk=iphoneos*]" = "iPhone Developer";
				COPY_PHASE_STRIP = NO;
				DEBUG_INFORMATION_FORMAT = dwarf;
				ENABLE_STRICT_OBJC_MSGSEND = YES;
				ENABLE_TESTABILITY = YES;
				GCC_C_LANGUAGE_STANDARD = gnu99;
				GCC_DYNAMIC_NO_PIC = NO;
				GCC_NO_COMMON_BLOCKS = YES;
				GCC_OPTIMIZATION_LEVEL = 0;
				GCC_PREPROCESSOR_DEFINITIONS = (
					"DEBUG=1",
					"$(inherited)",
				);
				GCC_WARN_64_TO_32_BIT_CONVERSION = YES;
				GCC_WARN_ABOUT_RETURN_TYPE = YES_ERROR;
				GCC_WARN_UNDECLARED_SELECTOR = YES;
				GCC_WARN_UNINITIALIZED_AUTOS = YES_AGGRESSIVE;
				GCC_WARN_UNUSED_FUNCTION = YES;
				GCC_WARN_UNUSED_VARIABLE = YES;
				IPHONEOS_DEPLOYMENT_TARGET = 8.4;
				MTL_ENABLE_DEBUG_INFO = YES;
				ONLY_ACTIVE_ARCH = YES;
				SDKROOT = iphoneos;
				SWIFT_OPTIMIZATION_LEVEL = "-Onone";
				TARGETED_DEVICE_FAMILY = "1,2";
			};
			name = Debug;
		};
		457F44D71C81D895007BE528 /* Release */ = {
			isa = XCBuildConfiguration;
			buildSettings = {
				ALWAYS_SEARCH_USER_PATHS = NO;
				CLANG_CXX_LANGUAGE_STANDARD = "gnu++0x";
				CLANG_CXX_LIBRARY = "libc++";
				CLANG_ENABLE_MODULES = YES;
				CLANG_ENABLE_OBJC_ARC = YES;
				CLANG_WARN_BOOL_CONVERSION = YES;
				CLANG_WARN_CONSTANT_CONVERSION = YES;
				CLANG_WARN_DIRECT_OBJC_ISA_USAGE = YES_ERROR;
				CLANG_WARN_EMPTY_BODY = YES;
				CLANG_WARN_ENUM_CONVERSION = YES;
				CLANG_WARN_INT_CONVERSION = YES;
				CLANG_WARN_OBJC_ROOT_CLASS = YES_ERROR;
				CLANG_WARN_UNREACHABLE_CODE = YES;
				CLANG_WARN__DUPLICATE_METHOD_MATCH = YES;
				"CODE_SIGN_IDENTITY[sdk=iphoneos*]" = "iPhone Developer";
				COPY_PHASE_STRIP = NO;
				DEBUG_INFORMATION_FORMAT = "dwarf-with-dsym";
				ENABLE_NS_ASSERTIONS = NO;
				ENABLE_STRICT_OBJC_MSGSEND = YES;
				GCC_C_LANGUAGE_STANDARD = gnu99;
				GCC_NO_COMMON_BLOCKS = YES;
				GCC_WARN_64_TO_32_BIT_CONVERSION = YES;
				GCC_WARN_ABOUT_RETURN_TYPE = YES_ERROR;
				GCC_WARN_UNDECLARED_SELECTOR = YES;
				GCC_WARN_UNINITIALIZED_AUTOS = YES_AGGRESSIVE;
				GCC_WARN_UNUSED_FUNCTION = YES;
				GCC_WARN_UNUSED_VARIABLE = YES;
				IPHONEOS_DEPLOYMENT_TARGET = 8.4;
				MTL_ENABLE_DEBUG_INFO = NO;
				SDKROOT = iphoneos;
				TARGETED_DEVICE_FAMILY = "1,2";
				VALIDATE_PRODUCT = YES;
			};
			name = Release;
		};
/* End XCBuildConfiguration section */

/* Begin XCConfigurationList section */
		455528391C81D97C00DF15AF /* Build configuration list for PBXNativeTarget "BannerView Example" */ = {
			isa = XCConfigurationList;
			buildConfigurations = (
				4555283A1C81D97C00DF15AF /* Debug */,
				4555283B1C81D97C00DF15AF /* Release */,
			);
			defaultConfigurationIsVisible = 0;
		};
		457F44C11C81D894007BE528 /* Build configuration list for PBXProject "Example" */ = {
			isa = XCConfigurationList;
			buildConfigurations = (
				457F44D61C81D895007BE528 /* Debug */,
				457F44D71C81D895007BE528 /* Release */,
			);
			defaultConfigurationIsVisible = 0;
			defaultConfigurationName = Release;
		};
/* End XCConfigurationList section */
	};
	rootObject = 457F44BE1C81D894007BE528 /* Project object */;
}
